
Microsoft Visual Studio Solution File, Format Version 12.00
# Visual Studio Version 16
VisualStudioVersion = 16.0.29123.88
MinimumVisualStudioVersion = 10.0.40219.1
Project("{FAE04EC0-301F-11D3-BF4B-00C04F79EFBC}") = "NotesAppFinal", "NotesAppFinal.csproj", "{FF99F49C-F724-482A-89F2-8FAD0E4F0EF1}"
EndProject
Global
	GlobalSection(SolutionConfigurationPlatforms) = preSolution
		Debug|Any CPU = Debug|Any CPU
		Release|Any CPU = Release|Any CPU
	EndGlobalSection
	GlobalSection(ProjectConfigurationPlatforms) = postSolution
		{FF99F49C-F724-482A-89F2-8FAD0E4F0EF1}.Debug|Any CPU.ActiveCfg = Debug|Any CPU
		{FF99F49C-F724-482A-89F2-8FAD0E4F0EF1}.Debug|Any CPU.Build.0 = Debug|Any CPU
		{FF99F49C-F724-482A-89F2-8FAD0E4F0EF1}.Release|Any CPU.ActiveCfg = Release|Any CPU
		{FF99F49C-F724-482A-89F2-8FAD0E4F0EF1}.Release|Any CPU.Build.0 = Release|Any CPU
	EndGlobalSection
	GlobalSection(SolutionProperties) = preSolution
		HideSolutionNode = FALSE
	EndGlobalSection
	GlobalSection(ExtensibilityGlobals) = postSolution
		SolutionGuid = {36B24898-A3FA-43D0-B41B-124A695FB5A8}
	EndGlobalSection
EndGlobal
